[container]
image = "docker.io/library/archlinux@sha256:3b87b74c8f978c9b8594b7d51cdd604e7bb4cca885284baea6ae39444171283c"

[[package]]
name = "binutils"
version = "2.44-1"
system = "archlinux"
url = "https://archive.archlinux.org/packages/b/binutils/binutils-2.44-1-x86_64.pkg.tar.zst"
sha256 = "8c14a56397669fefff067ec2c08aeccb944372be4f4cdb6fed0991ca18c4fb02"
signature = "iNUEABYKAH0WIQQFx3danouXdAf+COadTFqhVCbaCgUCZ6dOK18UgAAAAAAuAChpc3N1ZXItZnByQG5vdGF0aW9ucy5vcGVucGdwLmZpZnRoaG9yc2VtYW4ubmV0MDVDNzc3NUE5RThCOTc3NDA3RkUwOEU2OUQ0QzVBQTE1NDI2REEwQQAKCRCdTFqhVCbaCjeoAP9btSaBFNMd2M64KII1QXneh2x9+xVvLiz3YZ1kbNMknwEA4+KjPA7GZGgq1HWZsjLuTUWzu4M2D6WBXXfH9HLbiQ0="

[[package]]
name = "e2fsprogs"
version = "1.47.2-2"
system = "archlinux"
url = "https://archive.archlinux.org/packages/e/e2fsprogs/e2fsprogs-1.47.2-2-x86_64.pkg.tar.zst"
sha256 = "ce224ffef99b2333aff6f97b2b3ae7c7e102447054ed15e86f54d77ddf453996"
signature = "iHUEABYKAB0WIQQEKYl95fO9rFN6MGltQr3RFuAGjwUCZ+JuWwAKCRBtQr3RFuAGjwPOAQCIr+Q3kkfaEQetr+pkuZcHloL0gJSHoEyf10xcxCwjRgEA2TejiUXLa3F0jsdrmKsIpi2PcTvxGDQP/APkraR/UQI="

[[package]]
name = "file"
version = "5.46-4"
system = "archlinux"
url = "https://archive.archlinux.org/packages/f/file/file-5.46-4-x86_64.pkg.tar.zst"
sha256 = "e2f086483a0a4d978ddce616be544fe7dfc3219e023c2aa9e39ab1a23efbecd3"
signature = "iHUEABYKAB0WIQQEKYl95fO9rFN6MGltQr3RFuAGjwUCZ+ESXwAKCRBtQr3RFuAGj7/xAQCgS3VXTVPjGVenjITm3nPQsyatvv1r9sUSnlsITaACLgD+IzYc80IyC5tc0a0LqsYlsodz+Ge/TBaFxai6Y+TIMAA="

[[package]]
name = "gc"
version = "8.2.8-2"
system = "archlinux"
url = "https://archive.archlinux.org/packages/g/gc/gc-8.2.8-2-x86_64.pkg.tar.zst"
sha256 = "c7b5e6816e7977a407e3f862b4ac51e7cf70e522c7fe1a72c2eca49431679712"
signature = "iNUEABYKAH0WIQQFx3danouXdAf+COadTFqhVCbaCgUCZt6oQl8UgAAAAAAuAChpc3N1ZXItZnByQG5vdGF0aW9ucy5vcGVucGdwLmZpZnRoaG9yc2VtYW4ubmV0MDVDNzc3NUE5RThCOTc3NDA3RkUwOEU2OUQ0QzVBQTE1NDI2REEwQQAKCRCdTFqhVCbaCp63AP4zSG9Ph/ey/7pYMn/RNiK9x1gv3SknQQ5dttHxVgc++QD/aXAHmlJ3i2x5kaqtv+bVKMTa80sF/S7X6DKJfQ+Q9Q4="

[[package]]
name = "gcc"
version = "14.2.1+r753+g1cd744a6828f-1"
system = "archlinux"
url = "https://archive.archlinux.org/packages/g/gcc/gcc-14.2.1+r753+g1cd744a6828f-1-x86_64.pkg.tar.zst"
sha256 = "2f5d57f8047bd95dc8ca89878e276968e485fec552a1d6222cbe7d4b020e5b8f"
signature = "iNUEABYKAH0WIQQFx3danouXdAf+COadTFqhVCbaCgUCZ6dOMl8UgAAAAAAuAChpc3N1ZXItZnByQG5vdGF0aW9ucy5vcGVucGdwLmZpZnRoaG9yc2VtYW4ubmV0MDVDNzc3NUE5RThCOTc3NDA3RkUwOEU2OUQ0QzVBQTE1NDI2REEwQQAKCRCdTFqhVCbaCs1BAQDhgm29sxvOmglFqaPf7w14Smqpbd/q83FwqUZX5fyqPwD+Obh+eLgaLHPq2DwHGH8TPoFEHlbMhU82pk2DkvU6qQE="

[[package]]
name = "guile"
version = "3.0.10-1"
system = "archlinux"
url = "https://archive.archlinux.org/packages/g/guile/guile-3.0.10-1-x86_64.pkg.tar.zst"
sha256 = "bf4d1b474045a88c7ad97b1ce56e8dd5786e5a10de02a8d33dc8f041edc8d01d"
signature = "iNUEABYKAH0WIQQFx3danouXdAf+COadTFqhVCbaCgUCZnkshF8UgAAAAAAuAChpc3N1ZXItZnByQG5vdGF0aW9ucy5vcGVucGdwLmZpZnRoaG9yc2VtYW4ubmV0MDVDNzc3NUE5RThCOTc3NDA3RkUwOEU2OUQ0QzVBQTE1NDI2REEwQQAKCRCdTFqhVCbaCruHAQDnjJsHGhq4cae34rHS1z+Hr6yzjVQSxvA6SE9XpredlAD/cstobLSMUsHswxf5df94XkoDPJdJs44uXE/iu9gsgQg="

[[package]]
name = "iana-etc"
version = "20250328-1"
system = "archlinux"
url = "https://archive.archlinux.org/packages/i/iana-etc/iana-etc-20250328-1-any.pkg.tar.zst"
sha256 = "37205f796a04220368116832000edc1cf88bb3134f0e5da915cebdd412111c9b"
signature = "iQEzBAABCgAdFiEE5JnHn1PJalTlcv7hwGCGM3xQdz4FAmfn9BMACgkQwGCGM3xQdz7v6wgAkVpFQD01KG0rxOqX7jBDY8OWrDdmBsPBWmq4dLCEY5wlsXYY1OoPvIsbYRtNG+NqcYt2kkyzrveo6USszFoc5jrlMA9rk2CWBP17YFmbpe5+0gslWD8cyWsWRw2l25HOyRFn+ot3XzY61gDG9CqsSotz0xtexuHPTPHsVC0e/6QL83jLUizHkyb9d9W+rf/fOy2JqR0pXwo04yUlNPZ37j0zB6qnAr1FLAor3SYcnkW84BfvqWM8vkahFDgCxYdDQoTBlppRmBVCl9f1wa//90zgHNwM1sq/Hllb3RD2EqfnCoV669yuUmhED/aqXAB2hymATpQAWNaiIDW97vkZQA=="

[[package]]
name = "iproute2"
version = "6.14.0-1"
system = "archlinux"
url = "https://archive.archlinux.org/packages/i/iproute2/iproute2-6.14.0-1-x86_64.pkg.tar.zst"
sha256 = "e9d8cb618a26ba399875256bf36052890bdd4d683cbe7384bdadba1bf287d77e"
signature = "iHUEABYKAB0WIQQEKYl95fO9rFN6MGltQr3RFuAGjwUCZ+GodgAKCRBtQr3RFuAGj6xNAP4iV73I3I4t/2d67hMX37lr68acBdzk50cHxLknMEGFSQD/RyRN78++PWbP+wjjnxYEAeTIAgxyLOlCuAQ/FaKYZw4="

[[package]]
name = "jansson"
version = "2.14-4"
system = "archlinux"
url = "https://archive.archlinux.org/packages/j/jansson/jansson-2.14-4-x86_64.pkg.tar.zst"
sha256 = "a67ab57d4a9b4caa2e718652c392345cdd9c2496d835ab1d0ff1e78ae4429fde"
signature = "iNUEABYKAH0WIQQFx3danouXdAf+COadTFqhVCbaCgUCZjJful8UgAAAAAAuAChpc3N1ZXItZnByQG5vdGF0aW9ucy5vcGVucGdwLmZpZnRoaG9yc2VtYW4ubmV0MDVDNzc3NUE5RThCOTc3NDA3RkUwOEU2OUQ0QzVBQTE1NDI2REEwQQAKCRCdTFqhVCbaCpfCAP4sFnTjSEIn5wDbLWGZOivsWT2SWPG6AgofrnUjaK/UMAD9E2u6D7WJbVTYrvDhVUz3WN6k8bVB8ZODyoIF66GWEw0="

[[package]]
name = "kmod"
version = "34.2-1"
system = "archlinux"
url = "https://archive.archlinux.org/packages/k/kmod/kmod-34.2-1-x86_64.pkg.tar.zst"
sha256 = "8cce1b4dfd2a1f354a253bb60a36c83024042eef5d47cb0214ec5d4f47f2007e"
signature = "iHUEABYKAB0WIQQEKYl95fO9rFN6MGltQr3RFuAGjwUCZ+bGsQAKCRBtQr3RFuAGjydJAP9rtqJ/nZgSQTAHrYezC5xSp53Ifn+IPv8+DHqjLgw7agD/fZHpoga0o3VHIPN/a+eWcu50nHHwUWZqriocWiMp/w0="

[[package]]
name = "libedit"
version = "20250104_3.1-1"
system = "archlinux"
url = "https://archive.archlinux.org/packages/l/libedit/libedit-20250104_3.1-1-x86_64.pkg.tar.zst"
sha256 = "9b4167ade67f899d5f4d1e0d3e8e8f18b5edfdd076f5aeffd100cb3093117987"
signature = "iQEzBAABCAAdFiEEW34/txt/EDKaHAOrdx32Yn7faB8FAme8RWMACgkQdx32Yn7faB9bnQf+N2KYErONnv0FLvqScucx7dhD+DNMqRFEEruhqsnAtP9KZzRePYMys6Uhn4TlIysatDnz6qy2UMeXuLOKDAYXMz4M37lfRT6YsBzbNj93FQlVrfelM/ap6U3vGBnHUVv8zqPoI6SgF+qqRuDJtoE3DR6TiiHgYm2oHRR/0NwF9S3hxqVkc+Ebmz7VTTlXW0x/g2uOKRqPyJR17GCuVrRWW/B0eIYrNIVVTE9jcMVKC5Uil+OAYd1bPoTQRgolw/Vp13QnHyUC4u8OwM3yl1b3CWjdRkwz7ImS+K5aF6z9/bUGzPwM1WmPkiz4TNeYHqxnKAQ9GnSLZOJBv1rMl3mI+g=="

[[package]]
name = "libisl"
version = "0.27-1"
system = "archlinux"
url = "https://archive.archlinux.org/packages/l/libisl/libisl-0.27-1-x86_64.pkg.tar.zst"
sha256 = "55a36e8195e6d9ce2efeb4276c60df6b6e7d94812fa36f8423d5ce664a5d34df"
signature = "iNUEABYKAH0WIQQFx3danouXdAf+COadTFqhVCbaCgUCZtWJeV8UgAAAAAAuAChpc3N1ZXItZnByQG5vdGF0aW9ucy5vcGVucGdwLmZpZnRoaG9yc2VtYW4ubmV0MDVDNzc3NUE5RThCOTc3NDA3RkUwOEU2OUQ0QzVBQTE1NDI2REEwQQAKCRCdTFqhVCbaCgPbAP9GNpnE0ra4qZOGYyJtfnyG42f8Z9dLpX21F/sY/a2UCgD/dz8x7harwjTofWctVHyyCacJsLhSq2jvSfrvvL4H/w8="

[[package]]
name = "libmpc"
version = "1.3.1-2"
system = "archlinux"
url = "https://archive.archlinux.org/packages/l/libmpc/libmpc-1.3.1-2-x86_64.pkg.tar.zst"
sha256 = "10554706eb15ed2186fbd55fd5db8fa5919788ac9a75d26c0b9ef5bdfca9d470"
signature = "iQEzBAABCAAdFiEEFRnVq6Zb9vwrc8dWek52CV2KUuQFAmaHCZwACgkQek52CV2KUuRjbAf/TmL9cCMXYTGsNmR2om6kT7XjczfZoFR9AM0FSTUNy5AuNZNUUCfm6ie6F4rFwHc3nETOSojScOZauZlcNiLrVriHYYFSZ8EhKiCJCo68a7KTbceBNoBuT6AEIpGMpIMti/cvWhu8VXl5JIRo8LNPBzDih05aCDUJ2nayKPYNHalDayu87sDXzJYXuzC8KD7XmUa7Kirn0ZpA4VZXc8CUjYYvn0wvRwLKQP4WMpszxmblQWjMVbQxh7dwC+gPtqIANVjoGKMRfr6QpT03XXIEaTBKbMsxeYFvwn+y2JN30t6oFI6LJADZ22VwimEzu06u+x9c+3+pr4k7Py43OCOGmg=="

[[package]]
name = "libsysprof-capture"
version = "48.0-2"
system = "archlinux"
url = "https://archive.archlinux.org/packages/l/libsysprof-capture/libsysprof-capture-48.0-2-x86_64.pkg.tar.zst"
sha256 = "e484977dc5b1116ddca4234b133cb85583311cb7a370a0dde49fc1c6d5538642"
signature = "iQIzBAABCAAdFiEEFORv5f1p8uKH4kTbYyw8wNHJyvYFAmfn1aMACgkQYyw8wNHJyvbrig/+JPHDWNCxRUYTOc5TbK/mrFXlViNWIqtzPZe9Z4y3I/YG+Su688QsUER1ypuV6skvFbLw/aPRakpbkB1tbjjXMpnjACJMZ3nDN+Qzpyk//Vc6F3Of2EYfN8oi1w8aGykoaMu8aJk2nkOcaOwdnMcCucyqLM9dv0Um/tsN5KiHTgIIOJILq/Y0adL08Ha14NKw3qerkKEPRT14B1+gxf3lGmzLM3Z6Js0i6eGJeyRLnux7ItgFB/jRFGe0tUzs+jYCaNfqNXTlA+1LtCNmyX4CCwbKkPmIUhCNjkgGAu3F+1ksU+1Y6iNv+9prhFLu9SQP7TTZjLgfV9OK/6b1anf3hL1GpwRe0lVfLPRjHj239zrIcpsilbw13+/x9so+NgMforAom+ybndkpy4C5s18olBdM2zH7BapHy29ygi83FlIL4tG7v3s+TxbJJ0cXpuDdDwyovvfQW66POlLVH9W+WASKpW4XMIW74tbIfqv7W3/TBGVMh6pglL1cop16qpZmsDg6i5jYl/d73RXODGmdpqobqPNsRD6GXWyNlmxTnF12oY6NpfAQoHmcpbETr7OumeN2JOdW7v2Kr/yf/8PFeQIsTXQrr3B9L7qFfDbZUs1ChGPqKuxHav4PromC7w3KMVCY7aZpZswqxnAEgQ1CQcqIItVBKt0N+Dofk2tRLX0="

[[package]]
name = "libxml2"
version = "2.13.7-1"
system = "archlinux"
url = "https://archive.archlinux.org/packages/l/libxml2/libxml2-2.13.7-1-x86_64.pkg.tar.zst"
sha256 = "ffb71f9eb9aba6aa08b72d111547ad1ff9f8a8895a5bc6bf235b9592ca7af359"
signature = "iHUEABYKAB0WIQSDvIiJNRtd67toQW64rAhgDxCM3wUCZ+WXsQAKCRC4rAhgDxCM361yAP0aiO+EniRnQIwIOZ/KuF5xQf+VGcYVGYRg4W/rH/bqTQEA8vNlR8zvKCjRLgjWEw8yZPaT2euXhJbK/wMOivMEawE="

[[package]]
name = "llvm-libs"
version = "19.1.7-1"
system = "archlinux"
url = "https://archive.archlinux.org/packages/l/llvm-libs/llvm-libs-19.1.7-1-x86_64.pkg.tar.zst"
sha256 = "44de8dac4c85c2297d8a8b9b4f8a71d422bd2452b6b0f442859f92c5319daad3"
signature = "iQEzBAABCAAdFiEEhs/8qRjPOvRxR1iAUeixSKmZnDQFAmeLq+kACgkQUeixSKmZnDSQcgf/UE3HidSGyn485QxUdNk6ffxyRMIxQixiaMPVcFQlTCNoC2c3oN/Y9bp5qWN2Oydh5J17nVy6el5mpVzaSFrVA05cFP0eoOIy1RrlC2ko54icSmchRyD1bGHfwBNlurkCU5y1AQqbo+5Exfg31Vj5NsXdDst5E51WfP37/NxZ9holoXk17Lb5vcgQ/GTgmzEWL7Gt+CF5X0AkPCOejBtBrzcSWM2T4s6dGatM45PCTSWHzgLbi9RuZwd2y0jPZPPocvsmxoi1q0KhjteCXWJpn/HpksmiiRNIG1RN9uV7Vp9f0rVEoWaf1VbdzNyXrdoRFxdxg1Nt0en9VrwhMuX4Mg=="

[[package]]
name = "make"
version = "4.4.1-2"
system = "archlinux"
url = "https://archive.archlinux.org/packages/m/make/make-4.4.1-2-x86_64.pkg.tar.zst"
sha256 = "7c1bc0d882f7c8d1bcb305eb7efaabc19ed6afa5a9a443575fa0d5ed57985535"
signature = "iHUEABYKAB0WIQSZH24/B2XPYpWIhYYTmwnaW/DTOAUCZBT0lQAKCRATmwnaW/DTOKwJAP9/kfT3rO0NhbD8wuI6ajzjyKtrl4SfuU0yu/PKByXQOgD/aYSvsyXylJhCadU2smO4LbP2Vj9fnIvEwPvbXbesVQ0="

[[package]]
name = "musl"
version = "1.2.5-4"
system = "archlinux"
url = "https://archive.archlinux.org/packages/m/musl/musl-1.2.5-4-x86_64.pkg.tar.zst"
sha256 = "c088a092da5b07399f20a1474f9e34f2fcbb5655195562de76443613b6754b38"
signature = "iQJLBAABCAA1FiEEiee5MxxK59f699MFwTIpOVS75K0FAmfLY3IXHHNwdXB5a2luQGFyY2hsaW51eC5vcmcACgkQwTIpOVS75K3pMg/+PfdVRfE20NdshwkXo1y5UOelz1H77VjCFuMJDio5HFc7b+IoKNjSxZL8r1FLjolXaVlcI8QvoYZQ61IX4Nnq62Ygg2uY343IjHZg5hHiNN5gZdP2hwHaBFFWfPDsutW0n4fC3cELv+cIWnNCpefK2AofodURnBg1xMWDKH/LQTJlKdyoaAdX/LbxxQICz4BAkZ9Zxmu1DcEOK5p8wd2PDPBY9LSt0VpSKAAO8bDemCPP898X27rn3Z6ICX0FDPMB19J9jXVtHcux+vE9F43evPVVFbwGyi3ddYXkuC+4yvr6NOxq6MAs2feEZxwPFbT7dEFk9FDZJ2Ny6g41lNVbH7w4MpKfk/QO0kRrRoKibRg8lW26cITPi6b9nwqD76LQjmzzR/muTdJGy/S1V8s/aHnXwz3WEchXTgD62yocKzRX2Uh9LxdzV29b3Em/AN6dO7TNG4fMhVNGs83oxMoXx6XsH+aI6qh/TEYCOqqg9KW01MdigzVZuoHaHe8OT5zD2CQr8aIfpV6mj4YZqosjWC1lWwNdIXkzliRpDnsPpsWgpyemvAIOfOMf63aI8HVryHvvFP/Lt/KkCOgJMWNaXI0YFbWlaBAxiO5tcoV0zyKDmNw5J6BmKqVSEN2Ga8lQ17GB08GXD8nzdBQ7+TQmQhSgE0xjCNpHIerMtRt1xg0="

[[package]]
name = "procps-ng"
version = "4.0.5-3"
system = "archlinux"
url = "https://archive.archlinux.org/packages/p/procps-ng/procps-ng-4.0.5-3-x86_64.pkg.tar.zst"
sha256 = "49ab24f2b127c31e66e5f6f68b6fdb68c5cca2d9aaa56f9136833a2d731caff6"
signature = "iHUEABYKAB0WIQQEKYl95fO9rFN6MGltQr3RFuAGjwUCZ+GIeQAKCRBtQr3RFuAGj569AP0fYtCzBuZTxf+vQMKbHH6MSNCWo5fAKPSZg4MIH2661gEAmTbbj4EAWNV0EpGKjwduE2gQpcYFJjVuBdtm4CRD9wo="

[[package]]
name = "rust"
version = "1:1.85.1-1"
system = "archlinux"
url = "https://archive.archlinux.org/packages/r/rust/rust-1:1.85.1-1-x86_64.pkg.tar.zst"
sha256 = "7a7a48f27e816e46696a97c2e3d423fd8a181a730585fe636badfa19432b183b"
signature = "iHUEABYKAB0WIQSDvIiJNRtd67toQW64rAhgDxCM3wUCZ9nfkAAKCRC4rAhgDxCM3zlBAPwJz1NoxLaqNNVwDYr2btMthGmSh5BOvPZU7n19gzXHPwD8CGCdiFzTbMjjlzZHd79maZASyYvfNDeMyTdjF8fl1AI="

[[package]]
name = "rust-musl"
version = "1:1.85.1-1"
system = "archlinux"
url = "https://archive.archlinux.org/packages/r/rust-musl/rust-musl-1:1.85.1-1-x86_64.pkg.tar.zst"
sha256 = "ed1420e31f58be5dffcfe18de19ecdf078b12a24da09923277b15826df5e1cc8"
signature = "iHUEABYKAB0WIQSDvIiJNRtd67toQW64rAhgDxCM3wUCZ9nfkgAKCRC4rAhgDxCM3zosAQD8/3eR5SqvSF8AyOkFoelmPLRLDMo5VXev6MMutJtDcQEAieYs85tHSFsns9dogzR0ojPCfkxQbocOVf8pt6/LrQc="

[[package]]
name = "tzdata"
version = "2025b-1"
system = "archlinux"
url = "https://archive.archlinux.org/packages/t/tzdata/tzdata-2025b-1-x86_64.pkg.tar.zst"
sha256 = "9598e6e3da4a4269f3747a9e5d49ab7977c4dafe969bdcdaa8632845ebc960cc"
signature = "iQEzBAABCgAdFiEErcih/MFeAdRTEEGelGV6sg8qCSsFAmff1OQACgkQlGV6sg8qCSsypQf/eQ2D+cIycQp78zl2fJKGdfVxK2qR8PFDSvHklrCOEBFBOJNG/eqEGQPPYl8eFGaC0NPROBRU8OTclUNN5EMv4rh6I74FhxhSDbSyLrcBmk20Fc4cQrvOcov0NklWRnfsPV7LrEBXWmihjFma+rD5tmL2TIzyv8cxDuDECs2pQyx2tf7r0ZsODw8C0y/MIjp5UipLJfh9vVCe7GPUc9UjLaQ3gAVLEhjz46O0WFzJ3AxV7Ctu3I5oGC/3M5CSB0BqnZpww1CNxdWLKzK+26cyJj+2Zel+wjpBBOwheFSguwpCCuqZkPZu7cf7TL2Oppjvv0Wu3sNoofiEIKAj46DVQw=="

[[package]]
name = "util-linux"
version = "2.41-4"
system = "archlinux"
url = "https://archive.archlinux.org/packages/u/util-linux/util-linux-2.41-4-x86_64.pkg.tar.zst"
sha256 = "c81691292e8bb9358b33482f2ef131450ea6834efdc08cc6a416c5089aa33d75"
signature = "iHUEABYKAB0WIQQEKYl95fO9rFN6MGltQr3RFuAGjwUCZ+gDDAAKCRBtQr3RFuAGj38VAQCr12T8ZpJzdWre166qpJLeD8ych+p1fqvlDuTBDFKATAD8CNW9/TWd97E5Djuej8lW69G9tMt5dGtkzb52KlwYhgs="

[[package]]
name = "util-linux-libs"
version = "2.41-4"
system = "archlinux"
url = "https://archive.archlinux.org/packages/u/util-linux-libs/util-linux-libs-2.41-4-x86_64.pkg.tar.zst"
sha256 = "84569a53769101bc167b7e49f94aaeb4433fb941347508320bad810060ce11d7"
signature = "iHUEABYKAB0WIQQEKYl95fO9rFN6MGltQr3RFuAGjwUCZ+gDDAAKCRBtQr3RFuAGjyeKAPwJpNbm6fJSObmmEhRROCXBZo2tgsTn2IjIPqRG99nKfAD/busU5rWBOVAqQyco67lDuMXXepDIYxUcOnyLmFFsNAw="

[[package]]
name = "xz"
version = "5.8.0-1"
system = "archlinux"
url = "https://archive.archlinux.org/packages/x/xz/xz-5.8.0-1-x86_64.pkg.tar.zst"
sha256 = "4b9a141685c188f84ae39665a2e194089e4d6ed1de823a8345fdf660aba14696"
signature = "iHUEABYKAB0WIQQEKYl95fO9rFN6MGltQr3RFuAGjwUCZ+LwJwAKCRBtQr3RFuAGj3WpAQCgvGa8UhZhsnTcLi7rSTOK9DU2tZ6CEha8M/l/k3reOwD6A06yZOeLUdqdQgb2/FubLJtxSO5lgSGW79tTTppY8gc="
