[container]
image = "docker.io/library/archlinux@sha256:99807b5ce1017b5072f5c028d0209e97e3ab0341368880c05f3e4438ed1be5f1"

[[package]]
name = "archlinux-keyring"
version = "20231012-1"
system = "archlinux"
url = "https://archive.archlinux.org/packages/a/archlinux-keyring/archlinux-keyring-20231012-1-any.pkg.tar.zst"
sha256 = "d98274653963b6a6d3d9f4498c9b29894395fd892db03b97c5a11cdb999465b5"
signature = "iHUEABYIAB0WIQQEKYl95fO9rFN6MGltQr3RFuAGjwUCZSeQSwAKCRBtQr3RFuAGj3wkAP4iCJsUcNdZjJSd2nW+myyscixkAkIAYyQUjPSOzS7dVgD+KXZciERFtfkdv6SsK3EqmdAZwF3wA2gv/M/dE4/mHg4="

[[package]]
name = "base"
version = "3-2"
system = "archlinux"
url = "https://archive.archlinux.org/packages/b/base/base-3-2-any.pkg.tar.zst"
sha256 = "25da12f0347e4bef6c215dcd32b6495beb86010a8c7e40828167b95f56639061"
signature = "iIsEABYIADMWIQQGaHodnU+rCLUP2Ss7lKgOUKR3xwUCZSIDFBUcaGVmdGlnQGFyY2hsaW51eC5vcmcACgkQO5SoDlCkd8ejAAEAtnDSI0OslAAJZP5UxL3lPSvlE/X6+J3PLjBH06lWBA8A/2bZk6Fh9gmVXSRxW8Pd/EDkdduDTRyTsPVYh9QswtIB"

[[package]]
name = "binutils"
version = "2.41-3"
system = "archlinux"
url = "https://archive.archlinux.org/packages/b/binutils/binutils-2.41-3-x86_64.pkg.tar.zst"
sha256 = "b921c57f7847a3daa4025c961cfa573f1f5244e9f84e673edba4fc4fbfd09a70"
signature = "iNUEABYKAH0WIQQFx3danouXdAf+COadTFqhVCbaCgUCZM0fcl8UgAAAAAAuAChpc3N1ZXItZnByQG5vdGF0aW9ucy5vcGVucGdwLmZpZnRoaG9yc2VtYW4ubmV0MDVDNzc3NUE5RThCOTc3NDA3RkUwOEU2OUQ0QzVBQTE1NDI2REEwQQAKCRCdTFqhVCbaCjWSAP90OJtRaSrRM6tQAaNseK66rjp/UNeexmEGKk3hVSAHOQEApYk913azGyXlSJCDu6NpPJXII1BcBnuR/62p4KpSuwU="

[[package]]
name = "ca-certificates-mozilla"
version = "3.94-1"
system = "archlinux"
url = "https://archive.archlinux.org/packages/c/ca-certificates-mozilla/ca-certificates-mozilla-3.94-1-x86_64.pkg.tar.zst"
sha256 = "0244dab04b7fba1f09e9a07678f11831e4324c6c08593253e5a69b2c893e2bce"
signature = "iIsEABYIADMWIQQGaHodnU+rCLUP2Ss7lKgOUKR3xwUCZRvyFhUcaGVmdGlnQGFyY2hsaW51eC5vcmcACgkQO5SoDlCkd8etYQEAuF3Quef8utiDIH6grnkFa5SKTbyYgCwi7SjIJQeDcioBAKKeebAPgnEI2yJ7KuECYSiz8HX8Aw/i3u6YEvtuQzIA"

[[package]]
name = "coreutils"
version = "9.4-2"
system = "archlinux"
url = "https://archive.archlinux.org/packages/c/coreutils/coreutils-9.4-2-x86_64.pkg.tar.zst"
sha256 = "a524aa262011a992712e2ca7d498c833e8ab1dc547c1bae8a65c27fdc9d3272e"
signature = "iQEzBAABCAAdFiEEW34/txt/EDKaHAOrdx32Yn7faB8FAmUfmNMACgkQdx32Yn7faB/mHggAhCaynuc+/nOfqY2BWnOqQtyhUmdGlfqi2YQ3DAps4osVxJqXcfXu19q/98oUCn56kWjVfBoaUc6hd1OTGbmE7GksiuqHau9AISj3xJm0ZOpEZ2QxdNLs2Y6et02H9NI6uWcD2qW/9/7mOnSqNDWni8QgoqxOgFr2z+Ldr8n1n++fG4HPhofHvJuQ8ETWQ16/vsEee2Vj3ZhDTUENaSr9E9Imknq6XNUHpbZgR7QYGvUJJKfk/uE8O0RfwpCsHXk6CZd/gSDOpdOUf8ofeksJluk7vOidnvBapT9fIaD1fVJ9uA9hATQTnwVQjjW/wPCjt1yL49uTRKEO5YUQtwo6OQ=="

[[package]]
name = "curl"
version = "8.4.0-2"
system = "archlinux"
url = "https://archive.archlinux.org/packages/c/curl/curl-8.4.0-2-x86_64.pkg.tar.zst"
sha256 = "66c6c0ff8e21478ac965f7ff759eaeb917c91722b47a5aa520bd2e751348ad59"
signature = "iQIzBAABCAAdFiEEtLdZYl1GM0MLdIdwWeQ+EGskc2gFAmUnqlUACgkQWeQ+EGskc2jizQ/+IKFq6qHXVsX529tQ/rOloL64mXFnATM/0QHKIQ/fHz7Ru/Dqxofca8lhwveQoN0YC4XU2gdE0eDZPknv4LjdD+oeAOSmD0Hf9plHaKYinmVJVS8bMSGTNLGwsUprPX60ucfx7xyWPK6rVf5OJrLl4xF75Ofd0wbAwdAouTP5yQUST+b3KdM8joRpJxGTBa/bv8Mp4WQ8zeE3CoggM/5yYXpIVVFDD40eBgGITNC76YuWajeNMhWHGUcbhiO8lZheIs/abOuDb6frxYdarjj3V4UwhYDFRd/BuBRNdW73FzW3aT2JONdt4OyOPIe614yDGG48a4dpECicLgEnpKeBTsg2Z8Wu9Pt5Q3gO1Q6ODipleA21bbKtTL+Rn7R+fRHtRVBdynmF6m2XmDeFi8E6kEP7smXlpn/TSHKxT4olo19fV808llSsb/Ok/ajteVqoCYixSe6KIGYhx3WfxkdKXojeYH+H5ZkqG0S4XCq/rfuHdBN1f1y44NE+rp8+K5157FGgIV3id+EsYLC37+z4Ht42k8qbzuW/HrqmHZBf+TPwRT0848eol2GLdzhOT7H4t3tdqqEG+qtAFDKDd9nFUNaMhYVEJcAA+FbJ+K255TfwS1ki1IrgyluidtQLvJ3F/AIKKm0UqmJvp6ziBAe46ght06x38oYdFf1AAp/P02E="

[[package]]
name = "gc"
version = "8.2.4-1"
system = "archlinux"
url = "https://archive.archlinux.org/packages/g/gc/gc-8.2.4-1-x86_64.pkg.tar.zst"
sha256 = "08da155927714ae799c9c5ec7c574f4e88a85b47873d2613a0afe35c635aa8cc"
signature = "iNUEABYKAH0WIQQFx3danouXdAf+COadTFqhVCbaCgUCZHH0pV8UgAAAAAAuAChpc3N1ZXItZnByQG5vdGF0aW9ucy5vcGVucGdwLmZpZnRoaG9yc2VtYW4ubmV0MDVDNzc3NUE5RThCOTc3NDA3RkUwOEU2OUQ0QzVBQTE1NDI2REEwQQAKCRCdTFqhVCbaCpMFAQDS7j8y2YPGnIuUh9OJkh3PE5EjNpRhLmcOHlMkQe/bFwEAmBv3KFkpYFqtKwLLs+Xe66WOGMZKvWMeZv08dB93SQw="

[[package]]
name = "gcc"
version = "13.2.1-3"
system = "archlinux"
url = "https://archive.archlinux.org/packages/g/gcc/gcc-13.2.1-3-x86_64.pkg.tar.zst"
sha256 = "c28a0e0c90a9f2c946b0e3c969742eb872229bb352c44e943e6aa101f60c7d04"
signature = "iNUEABYKAH0WIQQFx3danouXdAf+COadTFqhVCbaCgUCZMoUtF8UgAAAAAAuAChpc3N1ZXItZnByQG5vdGF0aW9ucy5vcGVucGdwLmZpZnRoaG9yc2VtYW4ubmV0MDVDNzc3NUE5RThCOTc3NDA3RkUwOEU2OUQ0QzVBQTE1NDI2REEwQQAKCRCdTFqhVCbaCouZAP0YU8C2MiqVEgJF2sJUVBTjphdU5qfPLTH4wTfrqYaJ6wEAiFydzaI9ORiQYQ9Y4SH6aHBD6S4BN+gnm0FjDCWMxgk="

[[package]]
name = "gettext"
version = "0.22.3-1"
system = "archlinux"
url = "https://archive.archlinux.org/packages/g/gettext/gettext-0.22.3-1-x86_64.pkg.tar.zst"
sha256 = "38c4350e1aff665cc94cfdc62092c9a26abbf21ad2550bed36f56dfab019e075"
signature = "iQEzBAABCAAdFiEEW34/txt/EDKaHAOrdx32Yn7faB8FAmUeS/oACgkQdx32Yn7faB+lPQf+P3DV+4R82OqlddduvSv+SmDtD0VRtnziByM9MDwvvZbkz1gjLnfw6UgG3lCCZ38b844hQ0Mac7wFUbu7vn+JWskveg0inyud+gtNw55aogASiVGCbyNW2AarnzH5DS7WhShY3cyridnpkpHFdx6decmOFiImOj5vGJEx7g70YncqCpywWZCQCl89KWYKY03jZYOyyz1LZIKQTHP7M3YSA9DDU+iCsgZrLp0mkzM+Tq8sG2KjC2uBaMY3FxUVgL/Kuow/B99/xXOcVFCceo8/bvachWZ0xjVp4RgqH6CKsGEoOLFBbzbr4/lSW/mfBZGiVzIH/bAYcD9ceMKB5KrrjA=="

[[package]]
name = "glib2"
version = "2.78.0-3"
system = "archlinux"
url = "https://archive.archlinux.org/packages/g/glib2/glib2-2.78.0-3-x86_64.pkg.tar.zst"
sha256 = "9ef6d5c2cce40e830407385a23552168e29839ed3df70fc6b27588878fcb9a81"
signature = "iIsEABYIADMWIQQGaHodnU+rCLUP2Ss7lKgOUKR3xwUCZRzOPhUcaGVmdGlnQGFyY2hsaW51eC5vcmcACgkQO5SoDlCkd8ds9wEApjgvF8AwJzEdez6Jid11Oh4qHlOtRuDNnlyZwibqiTsBAO9er3oRCSTy/d8Gc3C5cSmG8xAFRXoDinYkxp5GoY0L"

[[package]]
name = "glibc"
version = "2.38-7"
system = "archlinux"
url = "https://archive.archlinux.org/packages/g/glibc/glibc-2.38-7-x86_64.pkg.tar.zst"
sha256 = "539d7e30e38b1061aaab11d20117c9c2743f84819ae7aac1ffc003ec6ee6fe0a"
signature = "iNUEABYKAH0WIQQFx3danouXdAf+COadTFqhVCbaCgUCZRyMUl8UgAAAAAAuAChpc3N1ZXItZnByQG5vdGF0aW9ucy5vcGVucGdwLmZpZnRoaG9yc2VtYW4ubmV0MDVDNzc3NUE5RThCOTc3NDA3RkUwOEU2OUQ0QzVBQTE1NDI2REEwQQAKCRCdTFqhVCbaCmyuAP0Y2rp0FmigzRguCrjwXy+ScnCCh1dCCwLiv16hTuoRBgEArFWjmlTjMx4gH2N5kA+D5iTtwQuUGmT0VHZwBKhvcQI="

[[package]]
name = "guile"
version = "3.0.9-1"
system = "archlinux"
url = "https://archive.archlinux.org/packages/g/guile/guile-3.0.9-1-x86_64.pkg.tar.zst"
sha256 = "1c17a7b5c3c9c6ca580c76b36080603587bd2dc39a2c3cb0f07d755da05126ab"
signature = "iNUEABYKAH0WIQQFx3danouXdAf+COadTFqhVCbaCgUCY9Gy3F8UgAAAAAAuAChpc3N1ZXItZnByQG5vdGF0aW9ucy5vcGVucGdwLmZpZnRoaG9yc2VtYW4ubmV0MDVDNzc3NUE5RThCOTc3NDA3RkUwOEU2OUQ0QzVBQTE1NDI2REEwQQAKCRCdTFqhVCbaCt5aAQDMcoBQsIEeLWacejGD+7TLT6F3Nu1Q3KDaNAZojqkwmQEAsvIVi/edva/VSJY9fHvmrcdV7jJrRjqglpWinxuWPQI="

[[package]]
name = "hwdata"
version = "0.375-2"
system = "archlinux"
url = "https://archive.archlinux.org/packages/h/hwdata/hwdata-0.375-2-any.pkg.tar.zst"
sha256 = "b5424ae5671e6028f0a56356fa02e76f2959ce8d0ea20063099634b49d1a9f87"
signature = "iQEzBAABCAAdFiEEW34/txt/EDKaHAOrdx32Yn7faB8FAmUfl4EACgkQdx32Yn7faB8SVwf+NfJ4TdZJpv8AituEDAlfoijMFyaaS1k3zFUcQFb9haIeAYm08hGOX5IH/QSm7jheEge5wMo56vuZ6Ykv/jnDHeQKrI+oti+HTgxOqgljQJoFEoZ0Cx/WNBcUguqYSu8jQJ4VCFFWVN/UCmie4uQrOX2TfaqHixRR8MrQwvz6/T84a3iTAPaZ9zuVSXcjeJX5lfMwtB6CmhmJwn4gBrtcXKIPncvnVtJN7TTbtwi6mVjvOSMfmO5HP7mBxSid0Z3gnlL/LFmEenhh1nNfX1oRCl34k26TD1QNKkXRy/Ml+yFBt2kxI2/LlooEQ7iHVsKucHDj69AePd8U8Lq8I31jgQ=="

[[package]]
name = "jansson"
version = "2.14-2"
system = "archlinux"
url = "https://archive.archlinux.org/packages/j/jansson/jansson-2.14-2-x86_64.pkg.tar.zst"
sha256 = "de45a1cfa23faf16681b9809c4dd375549268b19dd37fe23f96ef8717ac35095"
signature = "iQEzBAABCAAdFiEEFRnVq6Zb9vwrc8dWek52CV2KUuQFAmJyQS8ACgkQek52CV2KUuSqUwf9H9g/0lroLE8fHR7G3Dcy4OILPGZPkt5HOiJBYdnhi0eWJyetHRCSFsMWiZk9HUJHoVbZH28Z3F75UQfI3cWAThSz1HzUMGvEWF/uTpOKENiwY4egQ0pA88eX6kvTt0BuCLA6JZso6VBz2kzYue4uV/B6otdStx6wf6AfDAIha1jWTButBv/pxpAcTJOp157S4Y+NO59NSn672iTm9CQxWcSSo6Bxfimu86kjceXTj/HK+aZ1onjnD7jtOjsrQOBO63thwouju8yNyD/yjeXzOw5KgsZ4c7gu0Wg10MlcM79G2EYXWFbq5/ARxBkEd49fYhDWaPriGz8bO9ri41vGUw=="

[[package]]
name = "kmod"
version = "31-1"
system = "archlinux"
url = "https://archive.archlinux.org/packages/k/kmod/kmod-31-1-x86_64.pkg.tar.zst"
sha256 = "122d5605b51e27cd6fa584a36e3f28a744ff8e7e7ff98581133115d0bd57252a"
signature = "iHUEABYIAB0WIQQEKYl95fO9rFN6MGltQr3RFuAGjwUCZRc5rgAKCRBtQr3RFuAGj1vmAQDyBYKNg0/oDldqTtRcvhu9uioXIO6T6cDz0E0MvvDDpgD/UNxyVQL6+YwgbWauR0qjb/GC4rCXFlqrj9m5sh9xmgM="

[[package]]
name = "libedit"
version = "20230828_3.1-1"
system = "archlinux"
url = "https://archive.archlinux.org/packages/l/libedit/libedit-20230828_3.1-1-x86_64.pkg.tar.zst"
sha256 = "e41d9f9d4787ecdf58e451e63b5f74dd17854d5065011f8d094994b9fd458b8c"
signature = "iQEzBAABCAAdFiEEFRnVq6Zb9vwrc8dWek52CV2KUuQFAmTwa38ACgkQek52CV2KUuTLWwf+OHcEEwEzr6+rbSMmIvuyxuYZ656pvt42P2cgGIHdlGRJEYNJtOnP3hKcD8shJzgSRNNSxHxe3385088pcSWdBd1X8aSxa2iBFrT09iAdfh7IgZE/doQmuXKuFP+sN+T0o+vTlS2QPFFymS7hax7miiThrZvzxZsxCRhbXsxf3/bW+9Z+/E/Zkk+dFR5Oj3aPLbgyNtyfCon8eyPmXg4vGgWUCowms14kiO8WT4OA5RE3UYBhnRpO5DOoIfbshoUqcXh9/3QMJoveiBdaQmbkGARSORivYednCk6kenMlEzS0ej01lqvgz4PMdZ+xPYQSe3YYebqFr55Z6+iipGjE8g=="

[[package]]
name = "libisl"
version = "0.26-1"
system = "archlinux"
url = "https://archive.archlinux.org/packages/l/libisl/libisl-0.26-1-x86_64.pkg.tar.zst"
sha256 = "b6f495748d9c877c15e47e9691e09d86139cd234e1990a97c531d8d8c9f993b3"
signature = "iNUEABYKAH0WIQQFx3danouXdAf+COadTFqhVCbaCgUCZCq2IV8UgAAAAAAuAChpc3N1ZXItZnByQG5vdGF0aW9ucy5vcGVucGdwLmZpZnRoaG9yc2VtYW4ubmV0MDVDNzc3NUE5RThCOTc3NDA3RkUwOEU2OUQ0QzVBQTE1NDI2REEwQQAKCRCdTFqhVCbaCkzKAQCFNdVbwWwjQ8+Ba+iGYklKxxlcAJoUXYPsy1OChLCUpwD+KsxGh2JyiO1aP5WOmsDBRXhqNB07z3dNBVwNL6GwNww="

[[package]]
name = "libldap"
version = "2.6.6-2"
system = "archlinux"
url = "https://archive.archlinux.org/packages/l/libldap/libldap-2.6.6-2-x86_64.pkg.tar.zst"
sha256 = "bca05e41dafd853677e7351228bdfaf2ae650ac77b358b71784fbdc728436cf4"
signature = "iQIzBAABCAAdFiEEtZcfLFwQqaCMYAMPeGxj8zDXy5IFAmUhyZQACgkQeGxj8zDXy5K42xAApYm1IBHqCrUiqy7fSRVlt9HGKyU2C0lFIiLMbClaq9fUawA3W1/u1Sq+znmHMrquTLSi25rl5Ho4bjYJzBh5DBK3YTaGXgP+mJJE2s5oIyWPQTLoeFZnVbOq84hdUxXs7aRQBbwE7+2KA9Wn2qxShGjE6XHfyfdB39KNEXLIf/WuGrOF6BBNVd4SO+bSEbxS2NxG7mRtvxY3bRmB1TiTveU+RBDL11z/gDj7ZGL6waoLGlWF027I+ItSBwK7VIKmb9FafTfRKYsKF71XKKInTZqLXR3mkDX5cRNzUx716ii+gdmwKgVWocFrtTmHfJhl0KL3FK2dK+FuO5nAox7EhBcDVAqxfIrrH9FQXXIGtB+7gCSb6excjDh9DL5CCJ2vLTM1i8bM6zV1mSXhp7pzVwKY6WDNTjg9/gvMKDjRfDGgKYGJsiB8vK0SxtSCmnCF5B1w3mZxoEjyVwWJ5CL8rlnTM97+QUqBxp57he3IXZeWYpW/T5eRP6mR1KxB9NpBM5t6Nk9S8cL/+kmT+wVeaZR1ulPVYdfVSC/Y6J1HtZJcVgssWvOtTr8Zw9XsosrKz3OlWRVfUk7I6D69qHVxciN93OBO+LIQGQqd3Of/2FOvavTu7j4lHXAJgJc2xRNeX8uvST8XbTtQlHrbNqWL+eWxWd0X5W8CAMjXqLmyDOM="

[[package]]
name = "libmpc"
version = "1.3.1-1"
system = "archlinux"
url = "https://archive.archlinux.org/packages/l/libmpc/libmpc-1.3.1-1-x86_64.pkg.tar.zst"
sha256 = "a83324a476cae86887aa3e3811b2e72c31471a81be0254e379c244e2df531c1b"
signature = "iQEzBAABCAAdFiEEFRnVq6Zb9vwrc8dWek52CV2KUuQFAmOfE/EACgkQek52CV2KUuRNEwf6AkQRJ6MKo3+8qZ5DoL1AUfEbRy332+0DbmhqVAZAVR6SDYwr8yTYc5L9zWtRYA++Nh0zah4P6o3XXJISOfLLpQHGPI1jZ/1IGTJlCt0yo+KU891YfQQO95TCAa77oT9Njkxr6imF0vP5kR3PA5sEvqD0iCu69s0TQu2uzsVqigNmbWU3LVv47BrF1T+C31Oa6cRWmjDUtn2ls/jYn+BPvuCO9TyH/3d2lQ1CCM+H1cCDcxzBSmaYSVQUbM6x8YAdFKDZKEbwuiCGTwKIV5ZRar4UiiBdeuJzF0vSy51VdcZpvf30HU8VuJ2Q+mv5OfyHjt/HBCkEyn1b+XufIqb0Xg=="

[[package]]
name = "libnghttp2"
version = "1.57.0-1"
system = "archlinux"
url = "https://archive.archlinux.org/packages/l/libnghttp2/libnghttp2-1.57.0-1-x86_64.pkg.tar.zst"
sha256 = "50b7ef8e00d0f2bd4f9d1ebd376be9c3c294f805b0933cad12d3357ff0b9d3a3"
signature = "iHUEABYIAB0WIQQEKYl95fO9rFN6MGltQr3RFuAGjwUCZSVmqwAKCRBtQr3RFuAGjwTbAP47eUBW3hVJuM0oe2VC6Zu+rcJmQfnjW1t4DIvrB/utMgEA0SIPVT0eGM1Rtc9WlzT4ceYLCG0dnsdC1Kwm41+G2w4="

[[package]]
name = "libsysprof-capture"
version = "45.0-1"
system = "archlinux"
url = "https://archive.archlinux.org/packages/l/libsysprof-capture/libsysprof-capture-45.0-1-x86_64.pkg.tar.zst"
sha256 = "7f33a777c180a23e5de12358ee088833b5321d1251e574ee58db13ed2af7bb4e"
signature = "iIsEABYIADMWIQQGaHodnU+rCLUP2Ss7lKgOUKR3xwUCZRn7vBUcaGVmdGlnQGFyY2hsaW51eC5vcmcACgkQO5SoDlCkd8ehMQD/a0fCayinEBKKYLNLZuWG24AyUd5/dSA0pIn68m5iQloBAOEXXlWSKk3j5HQwaeK7diEC4cJSBaGmW0//WNdYPzYN"

[[package]]
name = "libtirpc"
version = "1.3.4-1"
system = "archlinux"
url = "https://archive.archlinux.org/packages/l/libtirpc/libtirpc-1.3.4-1-x86_64.pkg.tar.zst"
sha256 = "f454dd95f9bcd0d4e2381f7043ef8bb78bad912877a1b8fdddac9fb136a04311"
signature = "iQEzBAABCgAdFiEErcih/MFeAdRTEEGelGV6sg8qCSsFAmUhfywACgkQlGV6sg8qCSu86AgAl2Mzr2Np3923QhPPScZPnmvXmHbxyZPAKdHDp4aRD666jEn9f2MfaeqQMm8l2bZK/aYGuFrQJ0YU9gCN8h5Gmo5XtkKV42mgs6c6KRekRhLdG5fQDOImuKVKI7Ww7VlbE5fasPsB/PmrcY08gGkR9FGfpCSJvKMyPGcsfboIKPvb79B4iqU5h91O2baB/JyGw48Cwp7IrTsqe0/5t3D6GfPf7NpS400837jEZPwZr8blNNC6MFT2tx/C/vIrWRrLChgnWcJDIbNHmb6XkT58D+2UX9wG7g4FqIyNF9wUIJt4BJhQawr6THJlkDzkZNeqO6/oxKwjm7BwM9qqUH2esw=="

[[package]]
name = "libutempter"
version = "1.2.1-4"
system = "archlinux"
url = "https://archive.archlinux.org/packages/l/libutempter/libutempter-1.2.1-4-x86_64.pkg.tar.zst"
sha256 = "3bbf7ee183ea47422ffe867122f07118d6a1b6534b2e5886f13406c9f670bfd5"
signature = "iHQEABYKAB0WIQRUwf0nM2HqUUojd5Pylr3lA2jGzgUCZSDCxgAKCRDylr3lA2jGzkHdAP9tBDJ9TbCCQbOaqPgDMJio3KxG6qpE4JDdj/0LQDkCEgD3cmJU7T52BEsou97sSp+2h9zWNADjdR8UTEFi1leiDg=="

[[package]]
name = "licenses"
version = "20231011-1"
system = "archlinux"
url = "https://archive.archlinux.org/packages/l/licenses/licenses-20231011-1-any.pkg.tar.zst"
sha256 = "27333bde42cdf524dafb9fa10e8ce1c4a37643cbdcc683884d7c69a81358e249"
signature = "iHUEABYKAB0WIQRizHP4hOUpV7L92IObeih9mi7GCAUCZSZY/wAKCRCbeih9mi7GCBwPAPwNx91hoAyomW/bi+wZRhvPwqK3sZDFE+VgKcUQoDNgHwEAhzJNArAdLNlily6KjkrgDgXE8uzJTzC+4gY5EtMQ9gE="

[[package]]
name = "llvm-libs"
version = "16.0.6-1"
system = "archlinux"
url = "https://archive.archlinux.org/packages/l/llvm-libs/llvm-libs-16.0.6-1-x86_64.pkg.tar.zst"
sha256 = "156a44aa81be475fec8bcb96f6a5b68a1b3e9d27304caf03f79386565679bf75"
signature = "iQEzBAABCAAdFiEEhs/8qRjPOvRxR1iAUeixSKmZnDQFAmTfjB0ACgkQUeixSKmZnDQFBAf+IXPoe66l3tJD8buJN6S8oynw01J7OcqyhESgkZ6V56hBHjbbWNAhe0e6B30FABZWAXUveihA8yr8kuJJhpalDjfrEPG5rZ69ugpGlhmBhVF58Ao1RtYWBy3khhGjAnN8fC4g0JTYDUB5zkqbxN6f7k/WHQbeZQUvl+DPlpmuXL1hILBSiPzKd6FooYAVLq0yOfXmMvq8OpW7QTlRcvYErdNc1eCnvKBqvs4+JfIkPdFW3L3MUMR7SF/qddc03ti9eRXfXw6HCgfYU+j1nB1nZcOaGwZHNV+mAaFQsb7Y194BZ18LFNvatYP4D4dpAXdsFyvp5ACWo1szuxa1hQEs+w=="

[[package]]
name = "make"
version = "4.4.1-2"
system = "archlinux"
url = "https://archive.archlinux.org/packages/m/make/make-4.4.1-2-x86_64.pkg.tar.zst"
sha256 = "7c1bc0d882f7c8d1bcb305eb7efaabc19ed6afa5a9a443575fa0d5ed57985535"
signature = "iHUEABYKAB0WIQSZH24/B2XPYpWIhYYTmwnaW/DTOAUCZBT0lQAKCRATmwnaW/DTOKwJAP9/kfT3rO0NhbD8wuI6ajzjyKtrl4SfuU0yu/PKByXQOgD/aYSvsyXylJhCadU2smO4LbP2Vj9fnIvEwPvbXbesVQ0="

[[package]]
name = "musl"
version = "1.2.4-1"
system = "archlinux"
url = "https://archive.archlinux.org/packages/m/musl/musl-1.2.4-1-x86_64.pkg.tar.zst"
sha256 = "f585ddabdfde5a29b88193827ccc597f74feb878723da9ce813d882c956e19b0"
signature = "iQJLBAABCAA1FiEEiee5MxxK59f699MFwTIpOVS75K0FAmRRZ5gXHHNwdXB5a2luQGFyY2hsaW51eC5vcmcACgkQwTIpOVS75K1VGhAAwoRqJgoycDFQInlZtrXoreYRhFdIJhknGCtsAWgGvYY5CDrEXQwUR3zHpYahzka6CbAv8aZdL67CIZELQ55f22xFyAIyeBLGl21QsI/A3Isom9+IVrOOsIc1+Z5LNp1LTZkAPiK1j06NWkaRpzL6NaFeUf2ziq8q/3lDfXaalyTmy6hV29ZMp8Gsa0gcsCtremCNJXVRwOB5/Hs9a0YJwOheNHuqEc6Md08N5rrE+HkTxMJB62FZn9ta1UqpejnvLBr5Q5yNKFsDuc67ZY6AIBlS/x2iyPDidvzbULj+5fs+4wllkK0svUCUHcKjBjFazCMX+bzS80EymuyzB4dkPxAxJ2/RVsXvFkhquKzAcFEOyZ/CiJiaRfeTZHzcmA1u6tjcl2wopc886wJgX08YqJrlXNQ5jbgo3jkHCUWlVYau7IF9pb+cekgPX6ut+n4ZzZUbaP0yahmzZq5gPsdHf0uKQoVjgxxGhWz6mrllpy/EeKVks0bj/fiHE9Czn0naLoaO5Y5ww25lg3DrAW3GfgTepRW0aXEoecDM9izGkw8D+BqUyV79z7qE5El/ndymyL8dOxzIFIMNFJePzg2E/Av7inXMV3H6gFs6Tw/LmbzQVi/RRO6k4Bill3Md9udh+0waEa70Gs9n2dxNN4C8R1ubeA2yDzQim0ua8caOmT0="

[[package]]
name = "pacman-mirrorlist"
version = "20231001-1"
system = "archlinux"
url = "https://archive.archlinux.org/packages/p/pacman-mirrorlist/pacman-mirrorlist-20231001-1-any.pkg.tar.zst"
sha256 = "a7f7370ee4adae04d7682eea459c67b42a3479f84dac6f76cf4ad920429fc205"
signature = "iQIzBAABCgAdFiEEz6avFeXHQUn8HYwIbRZVwUzhwT4FAmUZcykACgkQbRZVwUzhwT7gPhAAxlGXrRtlfb/acEdG7DV80tu2n62uBqtTjtAYKFYmK+NsE4CqqFJjfWP7pfBWGin3OK6hex0BvLIx0tLmBYqJKxaiF7c6WdTusawRGFLQOiNoNpb4v7HnFn1m/mR4zmgiOgL9rJzQjE9tK9vymSPyNOxrJ7xD7NIyr3fOYoGEZwbvZVpl7vYpm9V1TnEhOBDYDvGOfNFYrEKV17UdSdTU99xme6G4tVwxgYAEfI2Ws+YJDHC9/VbW8eVTEd3Xhd2ae+uFjy3FgMHO0ZhVpO4qPNz0ZOlMHYXeoiUk7l4Dp14ITJjaW4IdOxj6fw8fyJ+uv7r2dSS/qQZNgOIbwLYKNROKDb9erxLKeK8ticCETuZdDhrk0MNcbaQTS81jiLyBmuwJP9Twv2WDH2Tbq1t+HFQjOAxmTiOrlVsUWMUIw0xbGBL8Iyr51rfLlpAvim3RyGdfPOc6H2JYi+LacvVbGB/rRb/oY3bdj8NunwBLOqimilKpwSIZIzmppgiule4Gh/JtHJxYXHVTJhNLAS08XEBcoqjTX4XURrwMMVA3ebhiZ1GU2KNPrWhGQCGo/nQXw70yRxz3oDFrlf+teyWZ9uptFiB4GWKTlQPi7kNebSa4ipHd10YJz7VKgKBgGjaYdNLyvzJWel1eOfMXJIF5eZ6jMTsrak5MlaHWIjUdztk="

[[package]]
name = "pinentry"
version = "1.2.1-3"
system = "archlinux"
url = "https://archive.archlinux.org/packages/p/pinentry/pinentry-1.2.1-3-x86_64.pkg.tar.zst"
sha256 = "5793f2cc243552f2cb43adf37c76a5f4480d94d1cf87cc46f29e0cec1b647017"
signature = "iQEzBAABCAAdFiEEFRnVq6Zb9vwrc8dWek52CV2KUuQFAmUZVmUACgkQek52CV2KUuQdJQf/SPth1moSSyuOV2LgZh3GMS9AyYtnUQDKQz+9t7YQq+vAOS8PaqDmGzFhgBA5zeYonMXfDRxu/EhAj1OwvSwddMg1NQg5qh9gI+ca7OLRTjJdJCZKLxOaMLo1UAwQD8597esTVZh+e9NoEQE8clvn15rjCBG4K1rvUhQy/qpsMY/FPG95yMrh5JPXNAA+BtxbEManxDNRTNhDwijUPVLZxbUe4ywKdywdp+2nIltHVdGaeaMYCKse0JAcCPuk1GXr6FA5EtoBAySolQpf4T9G0MpKI+4Zagcfhi+uqInMOvbp77lGsLA4Xljb/KWwnDrFJA8OTkbonmnFUZFyv5aTpA=="

[[package]]
name = "rust"
version = "1:1.73.0-1"
system = "archlinux"
url = "https://archive.archlinux.org/packages/r/rust/rust-1:1.73.0-1-x86_64.pkg.tar.zst"
sha256 = "b8b675552bd861f6c73ed171a4859e1977582c06ce6444932ac2b9013c1a8187"
signature = "iIsEABYIADMWIQQGaHodnU+rCLUP2Ss7lKgOUKR3xwUCZR8fhxUcaGVmdGlnQGFyY2hsaW51eC5vcmcACgkQO5SoDlCkd8fntAEA563gbujw/HRneQo9jiwcwAtOzLzEkgrT+3UV54rzL2wA/3swtMKK6heyije/sypO7X+I1BMJvyGuUp2pAXXOlLoE"

[[package]]
name = "rust-musl"
version = "1:1.73.0-1"
system = "archlinux"
url = "https://archive.archlinux.org/packages/r/rust-musl/rust-musl-1:1.73.0-1-x86_64.pkg.tar.zst"
sha256 = "0ee472262c25fe033e14c85133cb247460e4daa2291c4e286c7a76eba74849ee"
signature = "iIsEABYIADMWIQQGaHodnU+rCLUP2Ss7lKgOUKR3xwUCZR8fhxUcaGVmdGlnQGFyY2hsaW51eC5vcmcACgkQO5SoDlCkd8focgD8DhltUwUen0iUO7wne3ejHGrhI4OXlHL8cHIkb+mrpq8A/2zd0Z5xCVeIimRDiJNpb69QvdsVY7iAUXTNJLsYabQO"

[[package]]
name = "sqlite"
version = "3.43.2-1"
system = "archlinux"
url = "https://archive.archlinux.org/packages/s/sqlite/sqlite-3.43.2-1-x86_64.pkg.tar.zst"
sha256 = "e8436fde110d3c79b46ea0e601740d57003c17fe17f804ea52679e6811e0b5c1"
signature = "iQEzBAABCAAdFiEErcih/MFeAdRTEEGelGV6sg8qCSsFAmUlqskACgkQlGV6sg8qCSsYEgf/UShuN718zzGtVeNYwVQjCYHJHtdkqs8AVtz2EbCCPElLVdShbReqHPC5JYEUAofqb3FTFzatgGeloHzv+3k6Hu5s2eE0UXBJoP9aMUwzcTuIvEgZeDucwVjq5UFvyNyYfgu1VcdNnKIJD7uUJfIwPcoPaS0dkR+EInorueCDd3u4wpHovZw68ofWiEO/LLuGWwNUNHlVPtzk8xo+AD4AK4Gn2LprJXXC2wKvverQ4c+1EsshRi6/yyvLWi/GBcePRWgoSFFQqInu2w2NV9Rjtv8q80PqOv1VGfHaFERFEUSkil7TkwMV2Ul+nDZu1zeq9SM3ZeiPBtOcgO2H3q7Y6A=="

[[package]]
name = "tar"
version = "1.35-2"
system = "archlinux"
url = "https://archive.archlinux.org/packages/t/tar/tar-1.35-2-x86_64.pkg.tar.zst"
sha256 = "76d2aa4c56ee9a70f71246bde8b7fd3e0405c524c9a572d7e64b6431f72de2b6"
signature = "iHUEABYIAB0WIQSTtRpKFHmOS6hn0ULluymEcK1OQQUCZRgR6AAKCRDluymEcK1OQbhqAP9VbzdP2UkqunyW+Ucs447d1YfI3EeMze+JCXtlu9VrHgEA/ZJ+TDrBOozRe6TB15eLDWlMqR9Zb4MxPi++WdZi4gY="
