[container]
image = "docker.io/library/archlinux@sha256:1f83ba0580a15cd6ad1d02d62ad432ddc940f53f07d0e39c8982d6c9c74e53e0"

[[package]]
name = "archlinux-keyring"
version = "20231130-1"
system = "archlinux"
url = "https://archive.archlinux.org/packages/a/archlinux-keyring/archlinux-keyring-20231130-1-any.pkg.tar.zst"
sha256 = "d154b4c53a8ff98eeb278ab99d7a0c9f571a5dbc26809475f1835b7549dbb3db"
signature = "iHUEABYIAB0WIQQEKYl95fO9rFN6MGltQr3RFuAGjwUCZWhJwgAKCRBtQr3RFuAGjyKZAQCP6PkPxIA7KvV/roneOvpkc84mpf2BRzsbwF3QN0AfigD/cHymMb3qxfLpiKSD+hmxdhpln7Swn3BVxB4K+FLFEQk="

[[package]]
name = "bash"
version = "5.2.021-1"
system = "archlinux"
url = "https://archive.archlinux.org/packages/b/bash/bash-5.2.021-1-x86_64.pkg.tar.zst"
sha256 = "e032825d55074b780840509ec57185b0429bc2e6642261e104e989e4e9b596c2"
signature = "iQEzBAABCAAdFiEEW34/txt/EDKaHAOrdx32Yn7faB8FAmVeHuYACgkQdx32Yn7faB9z+Qf9EGTR2GzyePyL9LEO8XEjCkTQI6UBRvc7+p840DtdfzWUviCtfM31rc+Nzg3qY+8GLfgKeymzsD+KBngurjv1t3zX1Elu9P9Sem801gsywWdQgSUu5xhGPRK+vQPCRFnOYufqICw+BmDhuXQDullC7rEL2zKVngzGAwkn98BfJdYqY25KvEIMtvXlUpvB3tUxU0OPq+tFnUFvBXS6PSp7eXBoy+NDutsXulm8R2e3QmCl+m65P4sDDhR7/JCx69uQB+Uu0oZbWYpT43FsvTsfE4ELJQxstVSKnRhA8eDCXcetnOtK5Qd3a2iasM4IIMrgA4KHM0qgFccIS0jlpeObjg=="

[[package]]
name = "binutils"
version = "2.41-3"
system = "archlinux"
url = "https://archive.archlinux.org/packages/b/binutils/binutils-2.41-3-x86_64.pkg.tar.zst"
sha256 = "b921c57f7847a3daa4025c961cfa573f1f5244e9f84e673edba4fc4fbfd09a70"
signature = "iNUEABYKAH0WIQQFx3danouXdAf+COadTFqhVCbaCgUCZM0fcl8UgAAAAAAuAChpc3N1ZXItZnByQG5vdGF0aW9ucy5vcGVucGdwLmZpZnRoaG9yc2VtYW4ubmV0MDVDNzc3NUE5RThCOTc3NDA3RkUwOEU2OUQ0QzVBQTE1NDI2REEwQQAKCRCdTFqhVCbaCjWSAP90OJtRaSrRM6tQAaNseK66rjp/UNeexmEGKk3hVSAHOQEApYk913azGyXlSJCDu6NpPJXII1BcBnuR/62p4KpSuwU="

[[package]]
name = "ca-certificates-mozilla"
version = "3.95-1"
system = "archlinux"
url = "https://archive.archlinux.org/packages/c/ca-certificates-mozilla/ca-certificates-mozilla-3.95-1-x86_64.pkg.tar.zst"
sha256 = "9675bafbb2fb3cd60456777c47397c238d335fa15c45e7a9c6a643b964d8f54a"
signature = "iHUEABYKAB0WIQQGaHodnU+rCLUP2Ss7lKgOUKR3xwUCZVvgaQAKCRA7lKgOUKR3x2bGAQCzVkzLiz8qv3qVAM4HLGldxLeSZOh+8HJ43yP09alIoAEAlE1DkwjpCuAbI64Urxu6/kf93I3OK2Ih5LWshGf8swY="

[[package]]
name = "gc"
version = "8.2.4-1"
system = "archlinux"
url = "https://archive.archlinux.org/packages/g/gc/gc-8.2.4-1-x86_64.pkg.tar.zst"
sha256 = "08da155927714ae799c9c5ec7c574f4e88a85b47873d2613a0afe35c635aa8cc"
signature = "iNUEABYKAH0WIQQFx3danouXdAf+COadTFqhVCbaCgUCZHH0pV8UgAAAAAAuAChpc3N1ZXItZnByQG5vdGF0aW9ucy5vcGVucGdwLmZpZnRoaG9yc2VtYW4ubmV0MDVDNzc3NUE5RThCOTc3NDA3RkUwOEU2OUQ0QzVBQTE1NDI2REEwQQAKCRCdTFqhVCbaCpMFAQDS7j8y2YPGnIuUh9OJkh3PE5EjNpRhLmcOHlMkQe/bFwEAmBv3KFkpYFqtKwLLs+Xe66WOGMZKvWMeZv08dB93SQw="

[[package]]
name = "gcc"
version = "13.2.1-3"
system = "archlinux"
url = "https://archive.archlinux.org/packages/g/gcc/gcc-13.2.1-3-x86_64.pkg.tar.zst"
sha256 = "c28a0e0c90a9f2c946b0e3c969742eb872229bb352c44e943e6aa101f60c7d04"
signature = "iNUEABYKAH0WIQQFx3danouXdAf+COadTFqhVCbaCgUCZMoUtF8UgAAAAAAuAChpc3N1ZXItZnByQG5vdGF0aW9ucy5vcGVucGdwLmZpZnRoaG9yc2VtYW4ubmV0MDVDNzc3NUE5RThCOTc3NDA3RkUwOEU2OUQ0QzVBQTE1NDI2REEwQQAKCRCdTFqhVCbaCouZAP0YU8C2MiqVEgJF2sJUVBTjphdU5qfPLTH4wTfrqYaJ6wEAiFydzaI9ORiQYQ9Y4SH6aHBD6S4BN+gnm0FjDCWMxgk="

[[package]]
name = "gettext"
version = "0.22.4-1"
system = "archlinux"
url = "https://archive.archlinux.org/packages/g/gettext/gettext-0.22.4-1-x86_64.pkg.tar.zst"
sha256 = "5f5a42559de23b14cd44ff7108c5e39c1adfe2d37a7a83283ed6279c07f16981"
signature = "iQEzBAABCAAdFiEEW34/txt/EDKaHAOrdx32Yn7faB8FAmVbVLsACgkQdx32Yn7faB/lzQf7BqfqObjgvutz7fcU6+vQqzNtzO+mpwuMkTymYi4iQOW+8ybu6peeCjq4olHaUH0VMwvgJa11tne3yvQSs1MDr6a1S0+wUVHu+jRw9Sau/PIh8WiA5Zi5KQRiNySbLmBAly0cwNMgd0E8/FGsR3nieL3yITCZ1o31prKeGcFEriEZ7Cck8VW704ifl+PnSvwFfnYjluNumWD2yKyTnKY3mDTeZXFUk8frsg8GJWzdbE40p+hw+s4Yby14J7sMgLNRzTm7gHlYwG+au2PPKzzlT+Xgoc2jK92Gy5KEcLiBqKufZ55BWwVpGN2vRcm8yEY3gvreBbfZ6GpRYSJn5v8oXQ=="

[[package]]
name = "gnupg"
version = "2.4.3-2"
system = "archlinux"
url = "https://archive.archlinux.org/packages/g/gnupg/gnupg-2.4.3-2-x86_64.pkg.tar.zst"
sha256 = "ce647c519900647e5d4319e7709b9cde38da89db228a5f8e05797491eb41a5e4"
signature = "iHUEABYKAB0WIQRizHP4hOUpV7L92IObeih9mi7GCAUCZWZpgwAKCRCbeih9mi7GCCwsAP0SppEOWYhpVW2vrfG1fUVzeAjUIjmQKclwD61aGWAq8gD9ER4+H3zt4Wonx/wDFwHKyhJLc/yE3Lu7sSBxoaVhewY="

[[package]]
name = "gnutls"
version = "3.8.2-1"
system = "archlinux"
url = "https://archive.archlinux.org/packages/g/gnutls/gnutls-3.8.2-1-x86_64.pkg.tar.zst"
sha256 = "6a09965211bbea1d52948e80df3bb2bd43690aaa6aec480bf5c4afa7c018e671"
signature = "iQEzBAABCgAdFiEErcih/MFeAdRTEEGelGV6sg8qCSsFAmVVKAEACgkQlGV6sg8qCStcbwgAgdkm0qrL+n+2BwoHubrE3OKRWQ+oVSmyvVLucmBXWaL9rVNcjzFt+5ItWktJ9rY6GWZB+3knv369woUR+CuwkHjn8y69cjzgCdmjsOMQlXjrNQstTmoZfx/yl4dRbDNoBByGQF15vCuWZWMo08ukzmVWbApvhv5pff6hiCBwMk+38HlOPuQpKWsQkqg0G2x3iFynMcNqS+zecaoUMAky3CX4sRhEJmEi/8IJWBuqaGVA58gzkZIUHqQXRnj12IxBcAzad5KGYkbxkAn6Y6W9JO/+NTkCrzrCxsZ+ijWjTbeGs94w2Dzq4NgxWdt+28vrLrGlNdi7ETRDW5sdAZUMEg=="

[[package]]
name = "gpgme"
version = "1.23.2-1"
system = "archlinux"
url = "https://archive.archlinux.org/packages/g/gpgme/gpgme-1.23.2-1-x86_64.pkg.tar.zst"
sha256 = "ecb2ff7fe76932cb0cdb137532edefca4da4fcb2d22f25c59e489a6a2e995159"
signature = "iHUEABYIAB0WIQQEKYl95fO9rFN6MGltQr3RFuAGjwUCZWYXxQAKCRBtQr3RFuAGjwxNAQD1PXXjU6JgOK2XDIMR7GYZQbaPGmNOsMcafNLtnb1IZAD/bAcEKXCST7BXVaqpJcM++7GLNeYkqfLGndi3VLtFfAU="

[[package]]
name = "guile"
version = "3.0.9-1"
system = "archlinux"
url = "https://archive.archlinux.org/packages/g/guile/guile-3.0.9-1-x86_64.pkg.tar.zst"
sha256 = "1c17a7b5c3c9c6ca580c76b36080603587bd2dc39a2c3cb0f07d755da05126ab"
signature = "iNUEABYKAH0WIQQFx3danouXdAf+COadTFqhVCbaCgUCY9Gy3F8UgAAAAAAuAChpc3N1ZXItZnByQG5vdGF0aW9ucy5vcGVucGdwLmZpZnRoaG9yc2VtYW4ubmV0MDVDNzc3NUE5RThCOTc3NDA3RkUwOEU2OUQ0QzVBQTE1NDI2REEwQQAKCRCdTFqhVCbaCt5aAQDMcoBQsIEeLWacejGD+7TLT6F3Nu1Q3KDaNAZojqkwmQEAsvIVi/edva/VSJY9fHvmrcdV7jJrRjqglpWinxuWPQI="

[[package]]
name = "iana-etc"
version = "20231117-1"
system = "archlinux"
url = "https://archive.archlinux.org/packages/i/iana-etc/iana-etc-20231117-1-any.pkg.tar.zst"
sha256 = "95d751b80c0dd458db748630ed631e1c8f8ed35ef4cd5e9589d586a312fb4898"
signature = "iQEzBAABCgAdFiEE5JnHn1PJalTlcv7hwGCGM3xQdz4FAmVaEDEACgkQwGCGM3xQdz6nxwgAps6ZGg+27InB+uFzzJ9ha44HR/aReLOSoBLPLyh/8Xy0Q8b/cPk0XD+6XY1QvB4czDNew0wHymbdeP8SVFYMvd6yuBnL/TWrb+5f4fwkAvM9sMY5hCOYMolRRz5W5+jC/3y2rv0lfBR+bvcAUFS1Iez5vISJnwO0CyG5ohkJhC2KY6d1a/o/aWMrjbQZ7b7GZiBRuTu8FU0Y9V+gyMNiyrAN+AUx3d5A6teezejmzv1gFk/WJddScb/m/OgK5TS2eOMd9MEFGc539Re3E6Kf6GhcWJ0Yo59LPPOo7YNbHa5rMWULket6sZG9UdJz2ElmpiRfAWHZrPrUTxCqqFDlOg=="

[[package]]
name = "iptables"
version = "1:1.8.10-1"
system = "archlinux"
url = "https://archive.archlinux.org/packages/i/iptables/iptables-1:1.8.10-1-x86_64.pkg.tar.zst"
sha256 = "260ae5326f3a2c0d3024e764a8a2d6518e9004e978431f7bce89dafab5cc9bd7"
signature = "iQIzBAABCAAdFiEEtZcfLFwQqaCMYAMPeGxj8zDXy5IFAmVR8S8ACgkQeGxj8zDXy5JayQ//Vy3f5q5+3MkxQ1zVWzFiCN8yQBHnu9voa7R9Vcr2rEUZIRlup1/h7oJx6Ef3WAf47focRBzn2Nckn5yCbiATFKqaH7v+bIkAFhcCORi+FyfvdlV8G2jaZF1E6/LnYzSXhssMrhpVD9lY/HaguLDZbmASwRFMD16d9VT1ZGCFhdeD4eb+ERKFzbPltWkFh+Q7+Hr7C5AcWhONnL1ZlpYe3ll3FWQ1ObMz4DTWT3hYuIXpRS4wpQi79z6+v5peZ6UtdNhrH8QjCMYzE04seZMIaiSxep6wNs/gTYz44rvHrgbB3AJhyP3e6r+Jsxv2xrX4PiIz/p7NWe0rdl90//kPa1Xqcol9cH9Htuo+H32FY3TTs4IY6ibp0fxpVhk6I6Cqp5ansBSs6t+t/AeVWRQLtHb8OU2L0WrtnV7dnPza2nC49jQIS3vI5b5AhY9fmt47z6ZNooIylJM1mufsEZNmZNXUBT3Poi6ToU4O81ZxlVUOvApwjbiCUvsKi0WHfFoTW0xJRnybQuhnMpBzIcPF2x27hCT8xeRHzRdfjLHQpRw2+eqsDLbDK+DHU9uTOxHz3WsA5aXTcRtYKpsyhV6m4OLFq6cHSJHG9dYYHUApKCQI6bOCq3xN7PRgUq1gOkH9tDmyKmr8BgniUMzn6B2VdIEaSoOa7ch63eq03qNTAy0="

[[package]]
name = "jansson"
version = "2.14-2"
system = "archlinux"
url = "https://archive.archlinux.org/packages/j/jansson/jansson-2.14-2-x86_64.pkg.tar.zst"
sha256 = "de45a1cfa23faf16681b9809c4dd375549268b19dd37fe23f96ef8717ac35095"
signature = "iQEzBAABCAAdFiEEFRnVq6Zb9vwrc8dWek52CV2KUuQFAmJyQS8ACgkQek52CV2KUuSqUwf9H9g/0lroLE8fHR7G3Dcy4OILPGZPkt5HOiJBYdnhi0eWJyetHRCSFsMWiZk9HUJHoVbZH28Z3F75UQfI3cWAThSz1HzUMGvEWF/uTpOKENiwY4egQ0pA88eX6kvTt0BuCLA6JZso6VBz2kzYue4uV/B6otdStx6wf6AfDAIha1jWTButBv/pxpAcTJOp157S4Y+NO59NSn672iTm9CQxWcSSo6Bxfimu86kjceXTj/HK+aZ1onjnD7jtOjsrQOBO63thwouju8yNyD/yjeXzOw5KgsZ4c7gu0Wg10MlcM79G2EYXWFbq5/ARxBkEd49fYhDWaPriGz8bO9ri41vGUw=="

[[package]]
name = "libcap"
version = "2.69-2"
system = "archlinux"
url = "https://archive.archlinux.org/packages/l/libcap/libcap-2.69-2-x86_64.pkg.tar.zst"
sha256 = "49fd0362aadfc6b389d1c8f4a7260698bd13d88f6295aa745c2de6f24c2b8bd6"
signature = "iHUEABYKAB0WIQRizHP4hOUpV7L92IObeih9mi7GCAUCZU/0sAAKCRCbeih9mi7GCFRnAP9QbcX758yN5MGdK4iNGpX9CAe4Ih0GyAwCfKuTqytd/AD+OYCC4MIbvoPQRYt8NXSkM5HQWlqlg5YWaQcyAvCVfQw="

[[package]]
name = "libedit"
version = "20230828_3.1-1"
system = "archlinux"
url = "https://archive.archlinux.org/packages/l/libedit/libedit-20230828_3.1-1-x86_64.pkg.tar.zst"
sha256 = "e41d9f9d4787ecdf58e451e63b5f74dd17854d5065011f8d094994b9fd458b8c"
signature = "iQEzBAABCAAdFiEEFRnVq6Zb9vwrc8dWek52CV2KUuQFAmTwa38ACgkQek52CV2KUuTLWwf+OHcEEwEzr6+rbSMmIvuyxuYZ656pvt42P2cgGIHdlGRJEYNJtOnP3hKcD8shJzgSRNNSxHxe3385088pcSWdBd1X8aSxa2iBFrT09iAdfh7IgZE/doQmuXKuFP+sN+T0o+vTlS2QPFFymS7hax7miiThrZvzxZsxCRhbXsxf3/bW+9Z+/E/Zkk+dFR5Oj3aPLbgyNtyfCon8eyPmXg4vGgWUCowms14kiO8WT4OA5RE3UYBhnRpO5DOoIfbshoUqcXh9/3QMJoveiBdaQmbkGARSORivYednCk6kenMlEzS0ej01lqvgz4PMdZ+xPYQSe3YYebqFr55Z6+iipGjE8g=="

[[package]]
name = "libgcrypt"
version = "1.10.3-1"
system = "archlinux"
url = "https://archive.archlinux.org/packages/l/libgcrypt/libgcrypt-1.10.3-1-x86_64.pkg.tar.zst"
sha256 = "f058a4ba7c47de8c1a72b035a37139bc4bcad76de524fa4c958fce40a0044e11"
signature = "iQEzBAABCgAdFiEErcih/MFeAdRTEEGelGV6sg8qCSsFAmVVG94ACgkQlGV6sg8qCSsZxwf+OzXCAVUGbQVI/oS9mmFDM9sf4j51074iAzdcKemsd+xuxf8W+l7FxfoznUXUdN7wAGqX4VGL5SPGOBpCEKk/LSyMCsWa+oiUzm+AaLMiVpwqmFq96ylNh9vtavdC2QCLImf89vtN9UkiPVTEwLUt3A0mz7usHk7uTWkMs42PPBzD6GQB5+5ATGRc9p7f4DeTgqVaO0Pk9L5RAOt3wqgmGMqJ2P7IKcbzZ/TKTqLwnwqFEijDrpMTAgwSY9oKLcSf2v22Gd3fLRYvF/SlebDcrmH56k571H4GCx8EgQmYdXOPHVXXcSztCUDKTiWnlR2pYpurSkOHJgoDP3hkt98cfw=="

[[package]]
name = "libisl"
version = "0.26-1"
system = "archlinux"
url = "https://archive.archlinux.org/packages/l/libisl/libisl-0.26-1-x86_64.pkg.tar.zst"
sha256 = "b6f495748d9c877c15e47e9691e09d86139cd234e1990a97c531d8d8c9f993b3"
signature = "iNUEABYKAH0WIQQFx3danouXdAf+COadTFqhVCbaCgUCZCq2IV8UgAAAAAAuAChpc3N1ZXItZnByQG5vdGF0aW9ucy5vcGVucGdwLmZpZnRoaG9yc2VtYW4ubmV0MDVDNzc3NUE5RThCOTc3NDA3RkUwOEU2OUQ0QzVBQTE1NDI2REEwQQAKCRCdTFqhVCbaCkzKAQCFNdVbwWwjQ8+Ba+iGYklKxxlcAJoUXYPsy1OChLCUpwD+KsxGh2JyiO1aP5WOmsDBRXhqNB07z3dNBVwNL6GwNww="

[[package]]
name = "libksba"
version = "1.6.5-1"
system = "archlinux"
url = "https://archive.archlinux.org/packages/l/libksba/libksba-1.6.5-1-x86_64.pkg.tar.zst"
sha256 = "d0da35e18d4bf003b5f9c7d787d1abcf5095b2a6694db3cc51986c2613369b9c"
signature = "iQEzBAABCAAdFiEEW34/txt/EDKaHAOrdx32Yn7faB8FAmVYlJQACgkQdx32Yn7faB/V9ggAqYW08cCbdG13Cm4EP+eV8ZEzeQW/0w6ZN7hAFgNHUrPGdBt48dYaYX2G/CVwZoq/d1ieMW5vaiK9frIKrKfwoFl5yoQjgA9Brt8Xn6LfG5ltpaxm6E/NftN6r2m+tB1lZb3YEeQfC3E+MKDPHwoIGNLJby0BLsbIf6m80efURWnvZJCylg1NQBNk1Yn4cjN9DQ9Emf161/I8LX+jEU7WIkR4JBRxqE0smKrWFg0M0Rn185A3koU/HI0/izatYXjg/8epvPz1ALNOxgEPXVnt1hZR6N+93zdvJh9Ev9OzSRj18Uja79GlTWA0CsBV7qeu5o+l1veNvuBhfrzllW7/tw=="

[[package]]
name = "libmpc"
version = "1.3.1-1"
system = "archlinux"
url = "https://archive.archlinux.org/packages/l/libmpc/libmpc-1.3.1-1-x86_64.pkg.tar.zst"
sha256 = "a83324a476cae86887aa3e3811b2e72c31471a81be0254e379c244e2df531c1b"
signature = "iQEzBAABCAAdFiEEFRnVq6Zb9vwrc8dWek52CV2KUuQFAmOfE/EACgkQek52CV2KUuRNEwf6AkQRJ6MKo3+8qZ5DoL1AUfEbRy332+0DbmhqVAZAVR6SDYwr8yTYc5L9zWtRYA++Nh0zah4P6o3XXJISOfLLpQHGPI1jZ/1IGTJlCt0yo+KU891YfQQO95TCAa77oT9Njkxr6imF0vP5kR3PA5sEvqD0iCu69s0TQu2uzsVqigNmbWU3LVv47BrF1T+C31Oa6cRWmjDUtn2ls/jYn+BPvuCO9TyH/3d2lQ1CCM+H1cCDcxzBSmaYSVQUbM6x8YAdFKDZKEbwuiCGTwKIV5ZRar4UiiBdeuJzF0vSy51VdcZpvf30HU8VuJ2Q+mv5OfyHjt/HBCkEyn1b+XufIqb0Xg=="

[[package]]
name = "libp11-kit"
version = "0.25.3-1"
system = "archlinux"
url = "https://archive.archlinux.org/packages/l/libp11-kit/libp11-kit-0.25.3-1-x86_64.pkg.tar.zst"
sha256 = "f63151e2d11cf36d717bdd43cc895ee07b4dbb5cb85532a019f1342a29f24960"
signature = "iIsEABYKADMWIQQGaHodnU+rCLUP2Ss7lKgOUKR3xwUCZVTTCRUcaGVmdGlnQGFyY2hsaW51eC5vcmcACgkQO5SoDlCkd8cebQEAgaxhCgg6acCfxxwhEa7IwQqLFlLHIeLqZYJLqiybyV8BAIDHQQr+4IBxLMjRg71AuyYJcAIWtIwk+jsZczFr2WQC"

[[package]]
name = "libxml2"
version = "2.12.1-1"
system = "archlinux"
url = "https://archive.archlinux.org/packages/l/libxml2/libxml2-2.12.1-1-x86_64.pkg.tar.zst"
sha256 = "440b0932dec86e58ec524b4b1b8490586fd6f928723ac1f2fb73af61b9f66b97"
signature = "iHUEABYKAB0WIQQGaHodnU+rCLUP2Ss7lKgOUKR3xwUCZV+bJAAKCRA7lKgOUKR3xxSJAPwMkOSZjKlaGc9URhKSyxJhOFiOwLUCAjzi5zN2NSrm2gEAiV8bmWjLs7aAEm4A4ysDoew42T+8g1ark+1ZH1KhXQs="

[[package]]
name = "llvm-libs"
version = "16.0.6-1"
system = "archlinux"
url = "https://archive.archlinux.org/packages/l/llvm-libs/llvm-libs-16.0.6-1-x86_64.pkg.tar.zst"
sha256 = "156a44aa81be475fec8bcb96f6a5b68a1b3e9d27304caf03f79386565679bf75"
signature = "iQEzBAABCAAdFiEEhs/8qRjPOvRxR1iAUeixSKmZnDQFAmTfjB0ACgkQUeixSKmZnDQFBAf+IXPoe66l3tJD8buJN6S8oynw01J7OcqyhESgkZ6V56hBHjbbWNAhe0e6B30FABZWAXUveihA8yr8kuJJhpalDjfrEPG5rZ69ugpGlhmBhVF58Ao1RtYWBy3khhGjAnN8fC4g0JTYDUB5zkqbxN6f7k/WHQbeZQUvl+DPlpmuXL1hILBSiPzKd6FooYAVLq0yOfXmMvq8OpW7QTlRcvYErdNc1eCnvKBqvs4+JfIkPdFW3L3MUMR7SF/qddc03ti9eRXfXw6HCgfYU+j1nB1nZcOaGwZHNV+mAaFQsb7Y194BZ18LFNvatYP4D4dpAXdsFyvp5ACWo1szuxa1hQEs+w=="

[[package]]
name = "make"
version = "4.4.1-2"
system = "archlinux"
url = "https://archive.archlinux.org/packages/m/make/make-4.4.1-2-x86_64.pkg.tar.zst"
sha256 = "7c1bc0d882f7c8d1bcb305eb7efaabc19ed6afa5a9a443575fa0d5ed57985535"
signature = "iHUEABYKAB0WIQSZH24/B2XPYpWIhYYTmwnaW/DTOAUCZBT0lQAKCRATmwnaW/DTOKwJAP9/kfT3rO0NhbD8wuI6ajzjyKtrl4SfuU0yu/PKByXQOgD/aYSvsyXylJhCadU2smO4LbP2Vj9fnIvEwPvbXbesVQ0="

[[package]]
name = "musl"
version = "1.2.4-1"
system = "archlinux"
url = "https://archive.archlinux.org/packages/m/musl/musl-1.2.4-1-x86_64.pkg.tar.zst"
sha256 = "f585ddabdfde5a29b88193827ccc597f74feb878723da9ce813d882c956e19b0"
signature = "iQJLBAABCAA1FiEEiee5MxxK59f699MFwTIpOVS75K0FAmRRZ5gXHHNwdXB5a2luQGFyY2hsaW51eC5vcmcACgkQwTIpOVS75K1VGhAAwoRqJgoycDFQInlZtrXoreYRhFdIJhknGCtsAWgGvYY5CDrEXQwUR3zHpYahzka6CbAv8aZdL67CIZELQ55f22xFyAIyeBLGl21QsI/A3Isom9+IVrOOsIc1+Z5LNp1LTZkAPiK1j06NWkaRpzL6NaFeUf2ziq8q/3lDfXaalyTmy6hV29ZMp8Gsa0gcsCtremCNJXVRwOB5/Hs9a0YJwOheNHuqEc6Md08N5rrE+HkTxMJB62FZn9ta1UqpejnvLBr5Q5yNKFsDuc67ZY6AIBlS/x2iyPDidvzbULj+5fs+4wllkK0svUCUHcKjBjFazCMX+bzS80EymuyzB4dkPxAxJ2/RVsXvFkhquKzAcFEOyZ/CiJiaRfeTZHzcmA1u6tjcl2wopc886wJgX08YqJrlXNQ5jbgo3jkHCUWlVYau7IF9pb+cekgPX6ut+n4ZzZUbaP0yahmzZq5gPsdHf0uKQoVjgxxGhWz6mrllpy/EeKVks0bj/fiHE9Czn0naLoaO5Y5ww25lg3DrAW3GfgTepRW0aXEoecDM9izGkw8D+BqUyV79z7qE5El/ndymyL8dOxzIFIMNFJePzg2E/Av7inXMV3H6gFs6Tw/LmbzQVi/RRO6k4Bill3Md9udh+0waEa70Gs9n2dxNN4C8R1ubeA2yDzQim0ua8caOmT0="

[[package]]
name = "p11-kit"
version = "0.25.3-1"
system = "archlinux"
url = "https://archive.archlinux.org/packages/p/p11-kit/p11-kit-0.25.3-1-x86_64.pkg.tar.zst"
sha256 = "032b4c5a11ae3ebf75e451f18a77a4ce2293c17ec0936c7ced90c5f2ae669e4e"
signature = "iIsEABYKADMWIQQGaHodnU+rCLUP2Ss7lKgOUKR3xwUCZVTTCRUcaGVmdGlnQGFyY2hsaW51eC5vcmcACgkQO5SoDlCkd8eOeQEA+UMdpgULptNY8ipa/5WtCvBqEIoTAl9ukqArZ1PV5s4A/RPMgQCqemHqKPYhBM0rZrhUWUzig7MBN9TL7bIG6M4C"

[[package]]
name = "readline"
version = "8.2.007-1"
system = "archlinux"
url = "https://archive.archlinux.org/packages/r/readline/readline-8.2.007-1-x86_64.pkg.tar.zst"
sha256 = "62b2a573cfdd83078609b338cd734703d8b07d7cda8502c2698ad2c269c29444"
signature = "iQEzBAABCAAdFiEEW34/txt/EDKaHAOrdx32Yn7faB8FAmVeHvIACgkQdx32Yn7faB95pAf+N7yFoSdy8AqCbSYDMYO4iwXMxS/q0NP7HZgUqjCf4mMbTCgKQD7Qk6zQnDGhREWcEoM13brgn9LDB1/AvDkHPfPCfKWU3qjE5LCUxS7lLS22wjyxNLZAasyGtMbkwRWxyxB43i1Gks0idR4LrT8AkcTjhAvIOttzBv8t5QDIcu1N+w+U47fT6mxa4yBA9eIP6kuryaItl+xFPMispgWTyOEwf/2koBOX9KLAaDaAdt6PAI+TWgwvmZ98X7PO8NtzbK9KI+m+KMiJTANkmjkBAgRSk2bsEdGGic6zARtywMvOBpEGF6Qr/1vU4U9yjt22wHSTmu4JQ6OJ99lcylENnA=="

[[package]]
name = "rust"
version = "1:1.74.0-1"
system = "archlinux"
url = "https://archive.archlinux.org/packages/r/rust/rust-1:1.74.0-1-x86_64.pkg.tar.zst"
sha256 = "577404c8ce99d59e6dbcc9be4139afc33f560f584de9db0b35f862ab4d176651"
signature = "iHUEABYKAB0WIQQGaHodnU+rCLUP2Ss7lKgOUKR3xwUCZVYx9QAKCRA7lKgOUKR3xzGOAQDEsuxiq1TtncZc6/z9ItFF808uw5S7FCMRz7Shsn0j+QEAqIcOg4ui+6uf/OnCw3sz+xnVN2+NoJTCpIs8uds4RgA="

[[package]]
name = "rust-musl"
version = "1:1.74.0-1"
system = "archlinux"
url = "https://archive.archlinux.org/packages/r/rust-musl/rust-musl-1:1.74.0-1-x86_64.pkg.tar.zst"
sha256 = "72455258731d94e88fb09253c409f9d025501fa10c8ffd670f7c8c82874cb22b"
signature = "iHUEABYKAB0WIQQGaHodnU+rCLUP2Ss7lKgOUKR3xwUCZVYx+wAKCRA7lKgOUKR3x7A3AP0fGBAqHuirWSnk34HlOB03/YMJGxXtEtooqiBDZXvOYwD/WUeYKULRuoT8ZIKW0xNf/ywKZg21WjQKnU3lZwcbRw0="

[[package]]
name = "sqlite"
version = "3.44.2-2"
system = "archlinux"
url = "https://archive.archlinux.org/packages/s/sqlite/sqlite-3.44.2-2-x86_64.pkg.tar.zst"
sha256 = "7c7ff180693b24d5e4f170621e9f13126b23d59440a315588b3cc444bc8fc693"
signature = "iQEzBAABCAAdFiEErcih/MFeAdRTEEGelGV6sg8qCSsFAmVjT00ACgkQlGV6sg8qCSvBfAgAs8FCCD5cezTsNNmYYmBXDN4gE1oe4GIUA2uR6NgLhSDBxo3swPIGNBxapRBdOxBQRT+B/gsHV255RDxtwdtaQqzv8vbiRPzuxtyihJPcAsXDTK4yB+Z0YTF2pZtN1WhRbiYneMXRmcajNMAt5TP4zwMOdub9Y4SOWE/Zcxzmy9feWwruVdVIlQIeEibfH/nKmTheXGSEnkva6ISVIZyCK65e4yg6RutBieYWVQlNdeJBPI7t9x43RYRFHgCJGi/XIsxxQEg9MCKjnwtZ2d9nhpTb7jCVVucYAwtb2/3GlWRsiknuHEJbrgRPgcnsyX7NfIOpAfx7oRRWNzEF5+47tg=="

[[package]]
name = "systemd"
version = "254.6-2"
system = "archlinux"
url = "https://archive.archlinux.org/packages/s/systemd/systemd-254.6-2-x86_64.pkg.tar.zst"
sha256 = "56f3629ea1656b0d55cc40e7d7bcdf4aa4b3e2526d0b2e293eaa1beadee2f229"
signature = "iHUEABYIAB0WIQQEKYl95fO9rFN6MGltQr3RFuAGjwUCZVHgzQAKCRBtQr3RFuAGj40cAPwKR45z/xGeMAQoJn06nrJv0WUZQOQ8CWEJF+v2CubNmAEA0UEpQMn9YGv31GCgX6eQQGsnNCOxRwKOejQkpHZvcQg="

[[package]]
name = "systemd-libs"
version = "254.6-2"
system = "archlinux"
url = "https://archive.archlinux.org/packages/s/systemd-libs/systemd-libs-254.6-2-x86_64.pkg.tar.zst"
sha256 = "9d15863be6832f6c3e65a0deb8e743a3d663c1e3a93662932a2e6577ea80ca18"
signature = "iHUEABYIAB0WIQQEKYl95fO9rFN6MGltQr3RFuAGjwUCZVHgzQAKCRBtQr3RFuAGj1R5AP4sPEup+x5rqk/4moDqm7tn7FynpkuWyam+Pva65PneIgD9HGng39HqGgmH+TmfyL00rf4XWP5o89mrg3/KDXv0bQc="

[[package]]
name = "systemd-sysvcompat"
version = "254.6-2"
system = "archlinux"
url = "https://archive.archlinux.org/packages/s/systemd-sysvcompat/systemd-sysvcompat-254.6-2-x86_64.pkg.tar.zst"
sha256 = "278b0662ff0a68dc0cc54982eeeecf63b096665bfa1ea8a7dd88cc2779111698"
signature = "iHUEABYIAB0WIQQEKYl95fO9rFN6MGltQr3RFuAGjwUCZVHgzQAKCRBtQr3RFuAGj+4LAP94JIlMH8O1emNUfoBE21Ko78IVVPYzNAJYAsPcdv+GhAD/d3rx/r0rLqNC2rIH+UkRJYs08EWh/kh0xBobkYPYlAs="
